
Microsoft Visual Studio Solution File, Format Version 12.00
# Visual Studio Version 17
VisualStudioVersion = 17.14.36310.24
MinimumVisualStudioVersion = 10.0.40219.1
Project("{9A19103F-16F7-4668-BE54-9A1E7A4F7556}") = "ABCRetail", "ABCRetail.csproj", "{A506EF91-0EBF-472C-A73D-76A7AAFEC1F1}"
EndProject
Global
	GlobalSection(SolutionConfigurationPlatforms) = preSolution
		Debug|Any CPU = Debug|Any CPU
		Release|Any CPU = Release|Any CPU
	EndGlobalSection
	GlobalSection(ProjectConfigurationPlatforms) = postSolution
		{A506EF91-0EBF-472C-A73D-76A7AAFEC1F1}.Debug|Any CPU.ActiveCfg = Debug|Any CPU
		{A506EF91-0EBF-472C-A73D-76A7AAFEC1F1}.Debug|Any CPU.Build.0 = Debug|Any CPU
		{A506EF91-0EBF-472C-A73D-76A7AAFEC1F1}.Release|Any CPU.ActiveCfg = Release|Any CPU
		{A506EF91-0EBF-472C-A73D-76A7AAFEC1F1}.Release|Any CPU.Build.0 = Release|Any CPU
	EndGlobalSection
	GlobalSection(SolutionProperties) = preSolution
		HideSolutionNode = FALSE
	EndGlobalSection
	GlobalSection(ExtensibilityGlobals) = postSolution
		SolutionGuid = {6A3BDFE4-C3D8-4D63-968E-FC03B163F484}
	EndGlobalSection
EndGlobal
